{
  "name": "docx_zip",
  "version": "0.0.1",
  "lockfileVersion": 2,
  "requires": true,
  "packages": {
    "": {
      "name": "docx_zip",
      "version": "0.0.1",
      "license": "MIT",
      "dependencies": {
        "xml_editor": "^0.0.1"
      }
    },
    "node_modules/xml_editor": {
      "version": "0.0.1",
      "resolved": "https://registry.npmjs.org/xml_editor/-/xml_editor-0.0.1.tgz",
      "integrity": "sha512-kra0vlJd7LTd6XQlY7LU0QfhimPu5YxSN3o9Bflx5Hr2FAvEooeefKg6etuJ4shxEEhns6q97Rn46ytrV+e++g=="
    }
  },
  "dependencies": {
    "xml_editor": {
      "version": "0.0.1",
      "resolved": "https://registry.npmjs.org/xml_editor/-/xml_editor-0.0.1.tgz",
      "integrity": "sha512-kra0vlJd7LTd6XQlY7LU0QfhimPu5YxSN3o9Bflx5Hr2FAvEooeefKg6etuJ4shxEEhns6q97Rn46ytrV+e++g=="
    }
  }
}
