{
  "name": "docx_zip",
  "version": "0.0.1",
  "lockfileVersion": 2,
  "requires": true,
  "packages": {
    "": {
      "name": "docx_zip",
      "version": "0.0.1",
      "license": "MIT",
      "dependencies": {
        "adm-zip": "^0.5.9",
        "xml_editor": "^0.0.1"
      }
    },
    "node_modules/adm-zip": {
      "version": "0.5.9",
      "resolved": "https://registry.npmjs.org/adm-zip/-/adm-zip-0.5.9.tgz",
      "integrity": "sha512-s+3fXLkeeLjZ2kLjCBwQufpI5fuN+kIGBxu6530nVQZGVol0d7Y/M88/xw9HGGUcJjKf8LutN3VPRUBq6N7Ajg==",
      "engines": {
        "node": ">=6.0"
      }
    },
    "node_modules/xml_editor": {
      "version": "0.0.1",
      "resolved": "https://registry.npmjs.org/xml_editor/-/xml_editor-0.0.1.tgz",
      "integrity": "sha512-kra0vlJd7LTd6XQlY7LU0QfhimPu5YxSN3o9Bflx5Hr2FAvEooeefKg6etuJ4shxEEhns6q97Rn46ytrV+e++g=="
    }
  },
  "dependencies": {
    "adm-zip": {
      "version": "0.5.9",
      "resolved": "https://registry.npmjs.org/adm-zip/-/adm-zip-0.5.9.tgz",
      "integrity": "sha512-s+3fXLkeeLjZ2kLjCBwQufpI5fuN+kIGBxu6530nVQZGVol0d7Y/M88/xw9HGGUcJjKf8LutN3VPRUBq6N7Ajg=="
    },
    "xml_editor": {
      "version": "0.0.1",
      "resolved": "https://registry.npmjs.org/xml_editor/-/xml_editor-0.0.1.tgz",
      "integrity": "sha512-kra0vlJd7LTd6XQlY7LU0QfhimPu5YxSN3o9Bflx5Hr2FAvEooeefKg6etuJ4shxEEhns6q97Rn46ytrV+e++g=="
    }
  }
}
